
Microsoft Visual Studio Solution File, Format Version 12.00
# Visual Studio Version 16
VisualStudioVersion = 16.0.31005.135
MinimumVisualStudioVersion = 10.0.40219.1
Project("{FAE04EC0-301F-11D3-BF4B-00C04F79EFBC}") = "Ejemplos", "Ejemplos\Ejemplos.csproj", "{7FFCD035-9D88-41FB-9B5C-038FDC9FAB7D}"
EndProject
Project("{FAE04EC0-301F-11D3-BF4B-00C04F79EFBC}") = "FiscalProto", "FiscalProto\FiscalProto.csproj", "{769F247F-A107-43DD-9CFF-E8FCC9C19E7B}"
EndProject
Global
	GlobalSection(SolutionConfigurationPlatforms) = preSolution
		Debug|Any CPU = Debug|Any CPU
		Release|Any CPU = Release|Any CPU
	EndGlobalSection
	GlobalSection(ProjectConfigurationPlatforms) = postSolution
		{7FFCD035-9D88-41FB-9B5C-038FDC9FAB7D}.Debug|Any CPU.ActiveCfg = Debug|Any CPU
		{7FFCD035-9D88-41FB-9B5C-038FDC9FAB7D}.Debug|Any CPU.Build.0 = Debug|Any CPU
		{7FFCD035-9D88-41FB-9B5C-038FDC9FAB7D}.Release|Any CPU.ActiveCfg = Release|Any CPU
		{7FFCD035-9D88-41FB-9B5C-038FDC9FAB7D}.Release|Any CPU.Build.0 = Release|Any CPU
		{769F247F-A107-43DD-9CFF-E8FCC9C19E7B}.Debug|Any CPU.ActiveCfg = Debug|Any CPU
		{769F247F-A107-43DD-9CFF-E8FCC9C19E7B}.Debug|Any CPU.Build.0 = Debug|Any CPU
		{769F247F-A107-43DD-9CFF-E8FCC9C19E7B}.Release|Any CPU.ActiveCfg = Release|Any CPU
		{769F247F-A107-43DD-9CFF-E8FCC9C19E7B}.Release|Any CPU.Build.0 = Release|Any CPU
	EndGlobalSection
	GlobalSection(SolutionProperties) = preSolution
		HideSolutionNode = FALSE
	EndGlobalSection
	GlobalSection(ExtensibilityGlobals) = postSolution
		SolutionGuid = {5A0072BF-8AE2-4451-AE1F-0DDAC26DAC5B}
	EndGlobalSection
EndGlobal
